
Microsoft Visual Studio Solution File, Format Version 12.00
Project("{FAE04EC0-301F-11D3-BF4B-00C04F79EFBC}") = "WebApiRecursosHumanos", "WebApiRecursosHumanos\WebApiRecursosHumanos.csproj", "{1B80BA1E-ABF8-4F0A-B12D-EED7017B7AEF}"
EndProject
Global
	GlobalSection(SolutionConfigurationPlatforms) = preSolution
		Debug|Any CPU = Debug|Any CPU
		Release|Any CPU = Release|Any CPU
	EndGlobalSection
	GlobalSection(ProjectConfigurationPlatforms) = postSolution
		{1B80BA1E-ABF8-4F0A-B12D-EED7017B7AEF}.Debug|Any CPU.ActiveCfg = Debug|Any CPU
		{1B80BA1E-ABF8-4F0A-B12D-EED7017B7AEF}.Debug|Any CPU.Build.0 = Debug|Any CPU
		{1B80BA1E-ABF8-4F0A-B12D-EED7017B7AEF}.Release|Any CPU.ActiveCfg = Release|Any CPU
		{1B80BA1E-ABF8-4F0A-B12D-EED7017B7AEF}.Release|Any CPU.Build.0 = Release|Any CPU
	EndGlobalSection
EndGlobal
